
Microsoft Visual Studio Solution File, Format Version 12.00
# Visual Studio 15
VisualStudioVersion = 15.0.27130.2010
MinimumVisualStudioVersion = 10.0.40219.1
Project("{FAE04EC0-301F-11D3-BF4B-00C04F79EFBC}") = "Market.LojaVirtual.Dominio", "Market.LojaVirtual.Dominio\Market.LojaVirtual.Dominio.csproj", "{ACEAD53F-1635-481E-B2D7-873979F43F59}"
EndProject
Project("{FAE04EC0-301F-11D3-BF4B-00C04F79EFBC}") = "Market.LojaVirtual.Web", "Market.LojaVirtual.Web\Market.LojaVirtual.Web.csproj", "{2A1059E6-CD20-45F8-9AC2-2A0A94B8ECB0}"
EndProject
Project("{FAE04EC0-301F-11D3-BF4B-00C04F79EFBC}") = "Market.LojaVirtual.UnitTest", "Market.LojaVirtual.UnitTest\Market.LojaVirtual.UnitTest.csproj", "{8DBF2AE2-FF99-45D6-B472-5D68550E0633}"
EndProject
Global
	GlobalSection(SolutionConfigurationPlatforms) = preSolution
		Debug|Any CPU = Debug|Any CPU
		Release|Any CPU = Release|Any CPU
	EndGlobalSection
	GlobalSection(ProjectConfigurationPlatforms) = postSolution
		{ACEAD53F-1635-481E-B2D7-873979F43F59}.Debug|Any CPU.ActiveCfg = Debug|Any CPU
		{ACEAD53F-1635-481E-B2D7-873979F43F59}.Debug|Any CPU.Build.0 = Debug|Any CPU
		{ACEAD53F-1635-481E-B2D7-873979F43F59}.Release|Any CPU.ActiveCfg = Release|Any CPU
		{ACEAD53F-1635-481E-B2D7-873979F43F59}.Release|Any CPU.Build.0 = Release|Any CPU
		{2A1059E6-CD20-45F8-9AC2-2A0A94B8ECB0}.Debug|Any CPU.ActiveCfg = Debug|Any CPU
		{2A1059E6-CD20-45F8-9AC2-2A0A94B8ECB0}.Debug|Any CPU.Build.0 = Debug|Any CPU
		{2A1059E6-CD20-45F8-9AC2-2A0A94B8ECB0}.Release|Any CPU.ActiveCfg = Release|Any CPU
		{2A1059E6-CD20-45F8-9AC2-2A0A94B8ECB0}.Release|Any CPU.Build.0 = Release|Any CPU
		{8DBF2AE2-FF99-45D6-B472-5D68550E0633}.Debug|Any CPU.ActiveCfg = Debug|Any CPU
		{8DBF2AE2-FF99-45D6-B472-5D68550E0633}.Debug|Any CPU.Build.0 = Debug|Any CPU
		{8DBF2AE2-FF99-45D6-B472-5D68550E0633}.Release|Any CPU.ActiveCfg = Release|Any CPU
		{8DBF2AE2-FF99-45D6-B472-5D68550E0633}.Release|Any CPU.Build.0 = Release|Any CPU
	EndGlobalSection
	GlobalSection(SolutionProperties) = preSolution
		HideSolutionNode = FALSE
	EndGlobalSection
	GlobalSection(ExtensibilityGlobals) = postSolution
		SolutionGuid = {A17EB58E-BD3E-4152-B247-AC5FCE4EC738}
	EndGlobalSection
EndGlobal
